
Microsoft Visual Studio Solution File, Format Version 12.00
# Visual Studio Version 17
VisualStudioVersion = 17.8.34330.188
MinimumVisualStudioVersion = 10.0.40219.1
Project("{8BC9CEB8-8B4A-11D0-8D11-00A0C91BC942}") = "Producto3", "Producto3\Producto3.vcxproj", "{FD36EB2D-A881-4EDA-A693-2D84F5BA89E7}"
EndProject
Global
	GlobalSection(SolutionConfigurationPlatforms) = preSolution
		Debug|x64 = Debug|x64
		Debug|x86 = Debug|x86
		Release|x64 = Release|x64
		Release|x86 = Release|x86
	EndGlobalSection
	GlobalSection(ProjectConfigurationPlatforms) = postSolution
		{FD36EB2D-A881-4EDA-A693-2D84F5BA89E7}.Debug|x64.ActiveCfg = Debug|x64
		{FD36EB2D-A881-4EDA-A693-2D84F5BA89E7}.Debug|x64.Build.0 = Debug|x64
		{FD36EB2D-A881-4EDA-A693-2D84F5BA89E7}.Debug|x86.ActiveCfg = Debug|Win32
		{FD36EB2D-A881-4EDA-A693-2D84F5BA89E7}.Debug|x86.Build.0 = Debug|Win32
		{FD36EB2D-A881-4EDA-A693-2D84F5BA89E7}.Release|x64.ActiveCfg = Release|x64
		{FD36EB2D-A881-4EDA-A693-2D84F5BA89E7}.Release|x64.Build.0 = Release|x64
		{FD36EB2D-A881-4EDA-A693-2D84F5BA89E7}.Release|x86.ActiveCfg = Release|Win32
		{FD36EB2D-A881-4EDA-A693-2D84F5BA89E7}.Release|x86.Build.0 = Release|Win32
	EndGlobalSection
	GlobalSection(SolutionProperties) = preSolution
		HideSolutionNode = FALSE
	EndGlobalSection
	GlobalSection(ExtensibilityGlobals) = postSolution
		SolutionGuid = {4B3CEDA2-0485-44A7-8D56-A817B6C1A576}
	EndGlobalSection
EndGlobal
